
Microsoft Visual Studio Solution File, Format Version 12.00
# Visual Studio Version 17
VisualStudioVersion = 17.7.34031.279
MinimumVisualStudioVersion = 10.0.40219.1
Project("{FAE04EC0-301F-11D3-BF4B-00C04F79EFBC}") = "CustomersMVC", "CustomersMVC\CustomersMVC.csproj", "{A5BFA32F-FF4C-4424-B01A-4CF3181431AF}"
EndProject
Global
	GlobalSection(SolutionConfigurationPlatforms) = preSolution
		Debug|Any CPU = Debug|Any CPU
		Release|Any CPU = Release|Any CPU
	EndGlobalSection
	GlobalSection(ProjectConfigurationPlatforms) = postSolution
		{A5BFA32F-FF4C-4424-B01A-4CF3181431AF}.Debug|Any CPU.ActiveCfg = Debug|Any CPU
		{A5BFA32F-FF4C-4424-B01A-4CF3181431AF}.Debug|Any CPU.Build.0 = Debug|Any CPU
		{A5BFA32F-FF4C-4424-B01A-4CF3181431AF}.Release|Any CPU.ActiveCfg = Release|Any CPU
		{A5BFA32F-FF4C-4424-B01A-4CF3181431AF}.Release|Any CPU.Build.0 = Release|Any CPU
	EndGlobalSection
	GlobalSection(SolutionProperties) = preSolution
		HideSolutionNode = FALSE
	EndGlobalSection
	GlobalSection(ExtensibilityGlobals) = postSolution
		SolutionGuid = {A3D01F2D-757A-4D82-ADD5-F5C5A0F7ACFA}
	EndGlobalSection
EndGlobal
